
Microsoft Visual Studio Solution File, Format Version 12.00
# Visual Studio 14
VisualStudioVersion = 14.0.25123.0
MinimumVisualStudioVersion = 10.0.40219.1
Project("{FAE04EC0-301F-11D3-BF4B-00C04F79EFBC}") = "NicoNoco.uwp", "NicoNoco.uwp\NicoNoco.uwp.csproj", "{51DD15AF-909C-482A-A1C9-01C6DA538773}"
EndProject
Project("{FAE04EC0-301F-11D3-BF4B-00C04F79EFBC}") = "NicoNocoApp.Common", "NicoNocoApp.Common\NicoNocoApp.Common.csproj", "{EE6CD993-ED49-4672-A823-B21FBA4EED2D}"
EndProject
Project("{D954291E-2A0B-460D-934E-DC6B0785DB48}") = "NicoNoco.Resources", "NicoNoco.Resources\NicoNoco.Resources.shproj", "{D9D47EF6-EE85-4A45-9446-9FDA38E5972F}"
EndProject
Project("{FAE04EC0-301F-11D3-BF4B-00C04F79EFBC}") = "NicoNoco.ios", "NicoNoco.ios\NicoNoco.ios.csproj", "{A192A6DF-7B4B-472B-AA13-C4B2F7FCEF14}"
EndProject
Project("{FAE04EC0-301F-11D3-BF4B-00C04F79EFBC}") = "NicoNoco.droid", "NicoNoco.droid\NicoNoco.droid.csproj", "{ACF7AFBF-4F0C-4A0A-9BEE-BF93B1A2F3E2}"
EndProject
Project("{2150E333-8FDC-42A3-9474-1A3956D46DE8}") = "Files", "Files", "{53DBE99B-BD5A-4C68-8717-E4AFA5CA815B}"
	ProjectSection(SolutionItems) = preProject
		README.md = README.md
	EndProjectSection
EndProject
Global
	GlobalSection(SharedMSBuildProjectFiles) = preSolution
		NicoNoco.Resources\NicoNoco.Resources.projitems*{d9d47ef6-ee85-4a45-9446-9fda38e5972f}*SharedItemsImports = 13
		NicoNoco.Resources\NicoNoco.Resources.projitems*{51dd15af-909c-482a-a1c9-01c6da538773}*SharedItemsImports = 4
		NicoNoco.Resources\NicoNoco.Resources.projitems*{a192a6df-7b4b-472b-aa13-c4b2f7fcef14}*SharedItemsImports = 4
		NicoNoco.Resources\NicoNoco.Resources.projitems*{acf7afbf-4f0c-4a0a-9bee-bf93b1a2f3e2}*SharedItemsImports = 4
	EndGlobalSection
	GlobalSection(SolutionConfigurationPlatforms) = preSolution
		Ad-Hoc|Any CPU = Ad-Hoc|Any CPU
		Ad-Hoc|ARM = Ad-Hoc|ARM
		Ad-Hoc|iPhone = Ad-Hoc|iPhone
		Ad-Hoc|iPhoneSimulator = Ad-Hoc|iPhoneSimulator
		Ad-Hoc|x64 = Ad-Hoc|x64
		Ad-Hoc|x86 = Ad-Hoc|x86
		AppStore|Any CPU = AppStore|Any CPU
		AppStore|ARM = AppStore|ARM
		AppStore|iPhone = AppStore|iPhone
		AppStore|iPhoneSimulator = AppStore|iPhoneSimulator
		AppStore|x64 = AppStore|x64
		AppStore|x86 = AppStore|x86
		Debug|Any CPU = Debug|Any CPU
		Debug|ARM = Debug|ARM
		Debug|iPhone = Debug|iPhone
		Debug|iPhoneSimulator = Debug|iPhoneSimulator
		Debug|x64 = Debug|x64
		Debug|x86 = Debug|x86
		Release|Any CPU = Release|Any CPU
		Release|ARM = Release|ARM
		Release|iPhone = Release|iPhone
		Release|iPhoneSimulator = Release|iPhoneSimulator
		Release|x64 = Release|x64
		Release|x86 = Release|x86
	EndGlobalSection
	GlobalSection(ProjectConfigurationPlatforms) = postSolution
		{51DD15AF-909C-482A-A1C9-01C6DA538773}.Ad-Hoc|Any CPU.ActiveCfg = Release|x64
		{51DD15AF-909C-482A-A1C9-01C6DA538773}.Ad-Hoc|Any CPU.Build.0 = Release|x64
		{51DD15AF-909C-482A-A1C9-01C6DA538773}.Ad-Hoc|Any CPU.Deploy.0 = Release|x64
		{51DD15AF-909C-482A-A1C9-01C6DA538773}.Ad-Hoc|ARM.ActiveCfg = Release|ARM
		{51DD15AF-909C-482A-A1C9-01C6DA538773}.Ad-Hoc|ARM.Build.0 = Release|ARM
		{51DD15AF-909C-482A-A1C9-01C6DA538773}.Ad-Hoc|ARM.Deploy.0 = Release|ARM
		{51DD15AF-909C-482A-A1C9-01C6DA538773}.Ad-Hoc|iPhone.ActiveCfg = Release|x64
		{51DD15AF-909C-482A-A1C9-01C6DA538773}.Ad-Hoc|iPhone.Build.0 = Release|x64
		{51DD15AF-909C-482A-A1C9-01C6DA538773}.Ad-Hoc|iPhone.Deploy.0 = Release|x64
		{51DD15AF-909C-482A-A1C9-01C6DA538773}.Ad-Hoc|iPhoneSimulator.ActiveCfg = Release|x64
		{51DD15AF-909C-482A-A1C9-01C6DA538773}.Ad-Hoc|iPhoneSimulator.Build.0 = Release|x64
		{51DD15AF-909C-482A-A1C9-01C6DA538773}.Ad-Hoc|iPhoneSimulator.Deploy.0 = Release|x64
		{51DD15AF-909C-482A-A1C9-01C6DA538773}.Ad-Hoc|x64.ActiveCfg = Release|x64
		{51DD15AF-909C-482A-A1C9-01C6DA538773}.Ad-Hoc|x64.Build.0 = Release|x64
		{51DD15AF-909C-482A-A1C9-01C6DA538773}.Ad-Hoc|x64.Deploy.0 = Release|x64
		{51DD15AF-909C-482A-A1C9-01C6DA538773}.Ad-Hoc|x86.ActiveCfg = Release|x86
		{51DD15AF-909C-482A-A1C9-01C6DA538773}.Ad-Hoc|x86.Build.0 = Release|x86
		{51DD15AF-909C-482A-A1C9-01C6DA538773}.Ad-Hoc|x86.Deploy.0 = Release|x86
		{51DD15AF-909C-482A-A1C9-01C6DA538773}.AppStore|Any CPU.ActiveCfg = Release|x64
		{51DD15AF-909C-482A-A1C9-01C6DA538773}.AppStore|Any CPU.Build.0 = Release|x64
		{51DD15AF-909C-482A-A1C9-01C6DA538773}.AppStore|Any CPU.Deploy.0 = Release|x64
		{51DD15AF-909C-482A-A1C9-01C6DA538773}.AppStore|ARM.ActiveCfg = Release|ARM
		{51DD15AF-909C-482A-A1C9-01C6DA538773}.AppStore|ARM.Build.0 = Release|ARM
		{51DD15AF-909C-482A-A1C9-01C6DA538773}.AppStore|ARM.Deploy.0 = Release|ARM
		{51DD15AF-909C-482A-A1C9-01C6DA538773}.AppStore|iPhone.ActiveCfg = Release|x64
		{51DD15AF-909C-482A-A1C9-01C6DA538773}.AppStore|iPhone.Build.0 = Release|x64
		{51DD15AF-909C-482A-A1C9-01C6DA538773}.AppStore|iPhone.Deploy.0 = Release|x64
		{51DD15AF-909C-482A-A1C9-01C6DA538773}.AppStore|iPhoneSimulator.ActiveCfg = Release|x64
		{51DD15AF-909C-482A-A1C9-01C6DA538773}.AppStore|iPhoneSimulator.Build.0 = Release|x64
		{51DD15AF-909C-482A-A1C9-01C6DA538773}.AppStore|iPhoneSimulator.Deploy.0 = Release|x64
		{51DD15AF-909C-482A-A1C9-01C6DA538773}.AppStore|x64.ActiveCfg = Release|x64
		{51DD15AF-909C-482A-A1C9-01C6DA538773}.AppStore|x64.Build.0 = Release|x64
		{51DD15AF-909C-482A-A1C9-01C6DA538773}.AppStore|x64.Deploy.0 = Release|x64
		{51DD15AF-909C-482A-A1C9-01C6DA538773}.AppStore|x86.ActiveCfg = Release|x86
		{51DD15AF-909C-482A-A1C9-01C6DA538773}.AppStore|x86.Build.0 = Release|x86
		{51DD15AF-909C-482A-A1C9-01C6DA538773}.AppStore|x86.Deploy.0 = Release|x86
		{51DD15AF-909C-482A-A1C9-01C6DA538773}.Debug|Any CPU.ActiveCfg = Debug|x86
		{51DD15AF-909C-482A-A1C9-01C6DA538773}.Debug|ARM.ActiveCfg = Debug|ARM
		{51DD15AF-909C-482A-A1C9-01C6DA538773}.Debug|ARM.Build.0 = Debug|ARM
		{51DD15AF-909C-482A-A1C9-01C6DA538773}.Debug|ARM.Deploy.0 = Debug|ARM
		{51DD15AF-909C-482A-A1C9-01C6DA538773}.Debug|iPhone.ActiveCfg = Debug|x86
		{51DD15AF-909C-482A-A1C9-01C6DA538773}.Debug|iPhoneSimulator.ActiveCfg = Debug|x86
		{51DD15AF-909C-482A-A1C9-01C6DA538773}.Debug|x64.ActiveCfg = Debug|x64
		{51DD15AF-909C-482A-A1C9-01C6DA538773}.Debug|x64.Build.0 = Debug|x64
		{51DD15AF-909C-482A-A1C9-01C6DA538773}.Debug|x64.Deploy.0 = Debug|x64
		{51DD15AF-909C-482A-A1C9-01C6DA538773}.Debug|x86.ActiveCfg = Debug|x86
		{51DD15AF-909C-482A-A1C9-01C6DA538773}.Debug|x86.Build.0 = Debug|x86
		{51DD15AF-909C-482A-A1C9-01C6DA538773}.Debug|x86.Deploy.0 = Debug|x86
		{51DD15AF-909C-482A-A1C9-01C6DA538773}.Release|Any CPU.ActiveCfg = Release|x86
		{51DD15AF-909C-482A-A1C9-01C6DA538773}.Release|ARM.ActiveCfg = Release|ARM
		{51DD15AF-909C-482A-A1C9-01C6DA538773}.Release|ARM.Build.0 = Release|ARM
		{51DD15AF-909C-482A-A1C9-01C6DA538773}.Release|ARM.Deploy.0 = Release|ARM
		{51DD15AF-909C-482A-A1C9-01C6DA538773}.Release|iPhone.ActiveCfg = Release|x86
		{51DD15AF-909C-482A-A1C9-01C6DA538773}.Release|iPhoneSimulator.ActiveCfg = Release|x86
		{51DD15AF-909C-482A-A1C9-01C6DA538773}.Release|x64.ActiveCfg = Release|x64
		{51DD15AF-909C-482A-A1C9-01C6DA538773}.Release|x64.Build.0 = Release|x64
		{51DD15AF-909C-482A-A1C9-01C6DA538773}.Release|x64.Deploy.0 = Release|x64
		{51DD15AF-909C-482A-A1C9-01C6DA538773}.Release|x86.ActiveCfg = Release|x86
		{51DD15AF-909C-482A-A1C9-01C6DA538773}.Release|x86.Build.0 = Release|x86
		{51DD15AF-909C-482A-A1C9-01C6DA538773}.Release|x86.Deploy.0 = Release|x86
		{EE6CD993-ED49-4672-A823-B21FBA4EED2D}.Ad-Hoc|Any CPU.ActiveCfg = Release|Any CPU
		{EE6CD993-ED49-4672-A823-B21FBA4EED2D}.Ad-Hoc|Any CPU.Build.0 = Release|Any CPU
		{EE6CD993-ED49-4672-A823-B21FBA4EED2D}.Ad-Hoc|ARM.ActiveCfg = Release|Any CPU
		{EE6CD993-ED49-4672-A823-B21FBA4EED2D}.Ad-Hoc|ARM.Build.0 = Release|Any CPU
		{EE6CD993-ED49-4672-A823-B21FBA4EED2D}.Ad-Hoc|iPhone.ActiveCfg = Release|Any CPU
		{EE6CD993-ED49-4672-A823-B21FBA4EED2D}.Ad-Hoc|iPhone.Build.0 = Release|Any CPU
		{EE6CD993-ED49-4672-A823-B21FBA4EED2D}.Ad-Hoc|iPhoneSimulator.ActiveCfg = Release|Any CPU
		{EE6CD993-ED49-4672-A823-B21FBA4EED2D}.Ad-Hoc|iPhoneSimulator.Build.0 = Release|Any CPU
		{EE6CD993-ED49-4672-A823-B21FBA4EED2D}.Ad-Hoc|x64.ActiveCfg = Release|Any CPU
		{EE6CD993-ED49-4672-A823-B21FBA4EED2D}.Ad-Hoc|x64.Build.0 = Release|Any CPU
		{EE6CD993-ED49-4672-A823-B21FBA4EED2D}.Ad-Hoc|x86.ActiveCfg = Release|Any CPU
		{EE6CD993-ED49-4672-A823-B21FBA4EED2D}.Ad-Hoc|x86.Build.0 = Release|Any CPU
		{EE6CD993-ED49-4672-A823-B21FBA4EED2D}.AppStore|Any CPU.ActiveCfg = Release|Any CPU
		{EE6CD993-ED49-4672-A823-B21FBA4EED2D}.AppStore|Any CPU.Build.0 = Release|Any CPU
		{EE6CD993-ED49-4672-A823-B21FBA4EED2D}.AppStore|ARM.ActiveCfg = Release|Any CPU
		{EE6CD993-ED49-4672-A823-B21FBA4EED2D}.AppStore|ARM.Build.0 = Release|Any CPU
		{EE6CD993-ED49-4672-A823-B21FBA4EED2D}.AppStore|iPhone.ActiveCfg = Release|Any CPU
		{EE6CD993-ED49-4672-A823-B21FBA4EED2D}.AppStore|iPhone.Build.0 = Release|Any CPU
		{EE6CD993-ED49-4672-A823-B21FBA4EED2D}.AppStore|iPhoneSimulator.ActiveCfg = Release|Any CPU
		{EE6CD993-ED49-4672-A823-B21FBA4EED2D}.AppStore|iPhoneSimulator.Build.0 = Release|Any CPU
		{EE6CD993-ED49-4672-A823-B21FBA4EED2D}.AppStore|x64.ActiveCfg = Release|Any CPU
		{EE6CD993-ED49-4672-A823-B21FBA4EED2D}.AppStore|x64.Build.0 = Release|Any CPU
		{EE6CD993-ED49-4672-A823-B21FBA4EED2D}.AppStore|x86.ActiveCfg = Release|Any CPU
		{EE6CD993-ED49-4672-A823-B21FBA4EED2D}.AppStore|x86.Build.0 = Release|Any CPU
		{EE6CD993-ED49-4672-A823-B21FBA4EED2D}.Debug|Any CPU.ActiveCfg = Debug|Any CPU
		{EE6CD993-ED49-4672-A823-B21FBA4EED2D}.Debug|Any CPU.Build.0 = Debug|Any CPU
		{EE6CD993-ED49-4672-A823-B21FBA4EED2D}.Debug|ARM.ActiveCfg = Debug|Any CPU
		{EE6CD993-ED49-4672-A823-B21FBA4EED2D}.Debug|ARM.Build.0 = Debug|Any CPU
		{EE6CD993-ED49-4672-A823-B21FBA4EED2D}.Debug|iPhone.ActiveCfg = Debug|Any CPU
		{EE6CD993-ED49-4672-A823-B21FBA4EED2D}.Debug|iPhone.Build.0 = Debug|Any CPU
		{EE6CD993-ED49-4672-A823-B21FBA4EED2D}.Debug|iPhoneSimulator.ActiveCfg = Debug|Any CPU
		{EE6CD993-ED49-4672-A823-B21FBA4EED2D}.Debug|iPhoneSimulator.Build.0 = Debug|Any CPU
		{EE6CD993-ED49-4672-A823-B21FBA4EED2D}.Debug|x64.ActiveCfg = Debug|Any CPU
		{EE6CD993-ED49-4672-A823-B21FBA4EED2D}.Debug|x64.Build.0 = Debug|Any CPU
		{EE6CD993-ED49-4672-A823-B21FBA4EED2D}.Debug|x86.ActiveCfg = Debug|Any CPU
		{EE6CD993-ED49-4672-A823-B21FBA4EED2D}.Debug|x86.Build.0 = Debug|Any CPU
		{EE6CD993-ED49-4672-A823-B21FBA4EED2D}.Release|Any CPU.ActiveCfg = Release|Any CPU
		{EE6CD993-ED49-4672-A823-B21FBA4EED2D}.Release|Any CPU.Build.0 = Release|Any CPU
		{EE6CD993-ED49-4672-A823-B21FBA4EED2D}.Release|ARM.ActiveCfg = Release|Any CPU
		{EE6CD993-ED49-4672-A823-B21FBA4EED2D}.Release|ARM.Build.0 = Release|Any CPU
		{EE6CD993-ED49-4672-A823-B21FBA4EED2D}.Release|iPhone.ActiveCfg = Release|Any CPU
		{EE6CD993-ED49-4672-A823-B21FBA4EED2D}.Release|iPhone.Build.0 = Release|Any CPU
		{EE6CD993-ED49-4672-A823-B21FBA4EED2D}.Release|iPhoneSimulator.ActiveCfg = Release|Any CPU
		{EE6CD993-ED49-4672-A823-B21FBA4EED2D}.Release|iPhoneSimulator.Build.0 = Release|Any CPU
		{EE6CD993-ED49-4672-A823-B21FBA4EED2D}.Release|x64.ActiveCfg = Release|Any CPU
		{EE6CD993-ED49-4672-A823-B21FBA4EED2D}.Release|x64.Build.0 = Release|Any CPU
		{EE6CD993-ED49-4672-A823-B21FBA4EED2D}.Release|x86.ActiveCfg = Release|Any CPU
		{EE6CD993-ED49-4672-A823-B21FBA4EED2D}.Release|x86.Build.0 = Release|Any CPU
		{A192A6DF-7B4B-472B-AA13-C4B2F7FCEF14}.Ad-Hoc|Any CPU.ActiveCfg = Ad-Hoc|iPhone
		{A192A6DF-7B4B-472B-AA13-C4B2F7FCEF14}.Ad-Hoc|ARM.ActiveCfg = Ad-Hoc|iPhone
		{A192A6DF-7B4B-472B-AA13-C4B2F7FCEF14}.Ad-Hoc|iPhone.ActiveCfg = Ad-Hoc|iPhone
		{A192A6DF-7B4B-472B-AA13-C4B2F7FCEF14}.Ad-Hoc|iPhone.Build.0 = Ad-Hoc|iPhone
		{A192A6DF-7B4B-472B-AA13-C4B2F7FCEF14}.Ad-Hoc|iPhoneSimulator.ActiveCfg = Ad-Hoc|iPhoneSimulator
		{A192A6DF-7B4B-472B-AA13-C4B2F7FCEF14}.Ad-Hoc|iPhoneSimulator.Build.0 = Ad-Hoc|iPhoneSimulator
		{A192A6DF-7B4B-472B-AA13-C4B2F7FCEF14}.Ad-Hoc|x64.ActiveCfg = Ad-Hoc|iPhone
		{A192A6DF-7B4B-472B-AA13-C4B2F7FCEF14}.Ad-Hoc|x86.ActiveCfg = Ad-Hoc|iPhone
		{A192A6DF-7B4B-472B-AA13-C4B2F7FCEF14}.AppStore|Any CPU.ActiveCfg = AppStore|iPhone
		{A192A6DF-7B4B-472B-AA13-C4B2F7FCEF14}.AppStore|ARM.ActiveCfg = AppStore|iPhone
		{A192A6DF-7B4B-472B-AA13-C4B2F7FCEF14}.AppStore|iPhone.ActiveCfg = AppStore|iPhone
		{A192A6DF-7B4B-472B-AA13-C4B2F7FCEF14}.AppStore|iPhone.Build.0 = AppStore|iPhone
		{A192A6DF-7B4B-472B-AA13-C4B2F7FCEF14}.AppStore|iPhoneSimulator.ActiveCfg = AppStore|iPhoneSimulator
		{A192A6DF-7B4B-472B-AA13-C4B2F7FCEF14}.AppStore|iPhoneSimulator.Build.0 = AppStore|iPhoneSimulator
		{A192A6DF-7B4B-472B-AA13-C4B2F7FCEF14}.AppStore|x64.ActiveCfg = AppStore|iPhone
		{A192A6DF-7B4B-472B-AA13-C4B2F7FCEF14}.AppStore|x86.ActiveCfg = AppStore|iPhone
		{A192A6DF-7B4B-472B-AA13-C4B2F7FCEF14}.Debug|Any CPU.ActiveCfg = Debug|iPhone
		{A192A6DF-7B4B-472B-AA13-C4B2F7FCEF14}.Debug|ARM.ActiveCfg = Debug|iPhone
		{A192A6DF-7B4B-472B-AA13-C4B2F7FCEF14}.Debug|iPhone.ActiveCfg = Debug|iPhone
		{A192A6DF-7B4B-472B-AA13-C4B2F7FCEF14}.Debug|iPhone.Build.0 = Debug|iPhone
		{A192A6DF-7B4B-472B-AA13-C4B2F7FCEF14}.Debug|iPhoneSimulator.ActiveCfg = Debug|iPhoneSimulator
		{A192A6DF-7B4B-472B-AA13-C4B2F7FCEF14}.Debug|iPhoneSimulator.Build.0 = Debug|iPhoneSimulator
		{A192A6DF-7B4B-472B-AA13-C4B2F7FCEF14}.Debug|x64.ActiveCfg = Debug|iPhone
		{A192A6DF-7B4B-472B-AA13-C4B2F7FCEF14}.Debug|x86.ActiveCfg = Debug|iPhone
		{A192A6DF-7B4B-472B-AA13-C4B2F7FCEF14}.Release|Any CPU.ActiveCfg = Release|iPhone
		{A192A6DF-7B4B-472B-AA13-C4B2F7FCEF14}.Release|ARM.ActiveCfg = Release|iPhone
		{A192A6DF-7B4B-472B-AA13-C4B2F7FCEF14}.Release|iPhone.ActiveCfg = Release|iPhone
		{A192A6DF-7B4B-472B-AA13-C4B2F7FCEF14}.Release|iPhone.Build.0 = Release|iPhone
		{A192A6DF-7B4B-472B-AA13-C4B2F7FCEF14}.Release|iPhoneSimulator.ActiveCfg = Release|iPhoneSimulator
		{A192A6DF-7B4B-472B-AA13-C4B2F7FCEF14}.Release|iPhoneSimulator.Build.0 = Release|iPhoneSimulator
		{A192A6DF-7B4B-472B-AA13-C4B2F7FCEF14}.Release|x64.ActiveCfg = Release|iPhone
		{A192A6DF-7B4B-472B-AA13-C4B2F7FCEF14}.Release|x86.ActiveCfg = Release|iPhone
		{ACF7AFBF-4F0C-4A0A-9BEE-BF93B1A2F3E2}.Ad-Hoc|Any CPU.ActiveCfg = Release|Any CPU
		{ACF7AFBF-4F0C-4A0A-9BEE-BF93B1A2F3E2}.Ad-Hoc|Any CPU.Build.0 = Release|Any CPU
		{ACF7AFBF-4F0C-4A0A-9BEE-BF93B1A2F3E2}.Ad-Hoc|Any CPU.Deploy.0 = Release|Any CPU
		{ACF7AFBF-4F0C-4A0A-9BEE-BF93B1A2F3E2}.Ad-Hoc|ARM.ActiveCfg = Release|Any CPU
		{ACF7AFBF-4F0C-4A0A-9BEE-BF93B1A2F3E2}.Ad-Hoc|ARM.Build.0 = Release|Any CPU
		{ACF7AFBF-4F0C-4A0A-9BEE-BF93B1A2F3E2}.Ad-Hoc|ARM.Deploy.0 = Release|Any CPU
		{ACF7AFBF-4F0C-4A0A-9BEE-BF93B1A2F3E2}.Ad-Hoc|iPhone.ActiveCfg = Release|Any CPU
		{ACF7AFBF-4F0C-4A0A-9BEE-BF93B1A2F3E2}.Ad-Hoc|iPhone.Build.0 = Release|Any CPU
		{ACF7AFBF-4F0C-4A0A-9BEE-BF93B1A2F3E2}.Ad-Hoc|iPhone.Deploy.0 = Release|Any CPU
		{ACF7AFBF-4F0C-4A0A-9BEE-BF93B1A2F3E2}.Ad-Hoc|iPhoneSimulator.ActiveCfg = Release|Any CPU
		{ACF7AFBF-4F0C-4A0A-9BEE-BF93B1A2F3E2}.Ad-Hoc|iPhoneSimulator.Build.0 = Release|Any CPU
		{ACF7AFBF-4F0C-4A0A-9BEE-BF93B1A2F3E2}.Ad-Hoc|iPhoneSimulator.Deploy.0 = Release|Any CPU
		{ACF7AFBF-4F0C-4A0A-9BEE-BF93B1A2F3E2}.Ad-Hoc|x64.ActiveCfg = Release|Any CPU
		{ACF7AFBF-4F0C-4A0A-9BEE-BF93B1A2F3E2}.Ad-Hoc|x64.Build.0 = Release|Any CPU
		{ACF7AFBF-4F0C-4A0A-9BEE-BF93B1A2F3E2}.Ad-Hoc|x64.Deploy.0 = Release|Any CPU
		{ACF7AFBF-4F0C-4A0A-9BEE-BF93B1A2F3E2}.Ad-Hoc|x86.ActiveCfg = Release|Any CPU
		{ACF7AFBF-4F0C-4A0A-9BEE-BF93B1A2F3E2}.Ad-Hoc|x86.Build.0 = Release|Any CPU
		{ACF7AFBF-4F0C-4A0A-9BEE-BF93B1A2F3E2}.Ad-Hoc|x86.Deploy.0 = Release|Any CPU
		{ACF7AFBF-4F0C-4A0A-9BEE-BF93B1A2F3E2}.AppStore|Any CPU.ActiveCfg = Release|Any CPU
		{ACF7AFBF-4F0C-4A0A-9BEE-BF93B1A2F3E2}.AppStore|Any CPU.Build.0 = Release|Any CPU
		{ACF7AFBF-4F0C-4A0A-9BEE-BF93B1A2F3E2}.AppStore|Any CPU.Deploy.0 = Release|Any CPU
		{ACF7AFBF-4F0C-4A0A-9BEE-BF93B1A2F3E2}.AppStore|ARM.ActiveCfg = Release|Any CPU
		{ACF7AFBF-4F0C-4A0A-9BEE-BF93B1A2F3E2}.AppStore|ARM.Build.0 = Release|Any CPU
		{ACF7AFBF-4F0C-4A0A-9BEE-BF93B1A2F3E2}.AppStore|ARM.Deploy.0 = Release|Any CPU
		{ACF7AFBF-4F0C-4A0A-9BEE-BF93B1A2F3E2}.AppStore|iPhone.ActiveCfg = Release|Any CPU
		{ACF7AFBF-4F0C-4A0A-9BEE-BF93B1A2F3E2}.AppStore|iPhone.Build.0 = Release|Any CPU
		{ACF7AFBF-4F0C-4A0A-9BEE-BF93B1A2F3E2}.AppStore|iPhone.Deploy.0 = Release|Any CPU
		{ACF7AFBF-4F0C-4A0A-9BEE-BF93B1A2F3E2}.AppStore|iPhoneSimulator.ActiveCfg = Release|Any CPU
		{ACF7AFBF-4F0C-4A0A-9BEE-BF93B1A2F3E2}.AppStore|iPhoneSimulator.Build.0 = Release|Any CPU
		{ACF7AFBF-4F0C-4A0A-9BEE-BF93B1A2F3E2}.AppStore|iPhoneSimulator.Deploy.0 = Release|Any CPU
		{ACF7AFBF-4F0C-4A0A-9BEE-BF93B1A2F3E2}.AppStore|x64.ActiveCfg = Release|Any CPU
		{ACF7AFBF-4F0C-4A0A-9BEE-BF93B1A2F3E2}.AppStore|x64.Build.0 = Release|Any CPU
		{ACF7AFBF-4F0C-4A0A-9BEE-BF93B1A2F3E2}.AppStore|x64.Deploy.0 = Release|Any CPU
		{ACF7AFBF-4F0C-4A0A-9BEE-BF93B1A2F3E2}.AppStore|x86.ActiveCfg = Release|Any CPU
		{ACF7AFBF-4F0C-4A0A-9BEE-BF93B1A2F3E2}.AppStore|x86.Build.0 = Release|Any CPU
		{ACF7AFBF-4F0C-4A0A-9BEE-BF93B1A2F3E2}.AppStore|x86.Deploy.0 = Release|Any CPU
		{ACF7AFBF-4F0C-4A0A-9BEE-BF93B1A2F3E2}.Debug|Any CPU.ActiveCfg = Debug|Any CPU
		{ACF7AFBF-4F0C-4A0A-9BEE-BF93B1A2F3E2}.Debug|Any CPU.Build.0 = Debug|Any CPU
		{ACF7AFBF-4F0C-4A0A-9BEE-BF93B1A2F3E2}.Debug|Any CPU.Deploy.0 = Debug|Any CPU
		{ACF7AFBF-4F0C-4A0A-9BEE-BF93B1A2F3E2}.Debug|ARM.ActiveCfg = Debug|Any CPU
		{ACF7AFBF-4F0C-4A0A-9BEE-BF93B1A2F3E2}.Debug|ARM.Build.0 = Debug|Any CPU
		{ACF7AFBF-4F0C-4A0A-9BEE-BF93B1A2F3E2}.Debug|ARM.Deploy.0 = Debug|Any CPU
		{ACF7AFBF-4F0C-4A0A-9BEE-BF93B1A2F3E2}.Debug|iPhone.ActiveCfg = Debug|Any CPU
		{ACF7AFBF-4F0C-4A0A-9BEE-BF93B1A2F3E2}.Debug|iPhone.Build.0 = Debug|Any CPU
		{ACF7AFBF-4F0C-4A0A-9BEE-BF93B1A2F3E2}.Debug|iPhone.Deploy.0 = Debug|Any CPU
		{ACF7AFBF-4F0C-4A0A-9BEE-BF93B1A2F3E2}.Debug|iPhoneSimulator.ActiveCfg = Debug|Any CPU
		{ACF7AFBF-4F0C-4A0A-9BEE-BF93B1A2F3E2}.Debug|iPhoneSimulator.Build.0 = Debug|Any CPU
		{ACF7AFBF-4F0C-4A0A-9BEE-BF93B1A2F3E2}.Debug|iPhoneSimulator.Deploy.0 = Debug|Any CPU
		{ACF7AFBF-4F0C-4A0A-9BEE-BF93B1A2F3E2}.Debug|x64.ActiveCfg = Debug|Any CPU
		{ACF7AFBF-4F0C-4A0A-9BEE-BF93B1A2F3E2}.Debug|x64.Build.0 = Debug|Any CPU
		{ACF7AFBF-4F0C-4A0A-9BEE-BF93B1A2F3E2}.Debug|x64.Deploy.0 = Debug|Any CPU
		{ACF7AFBF-4F0C-4A0A-9BEE-BF93B1A2F3E2}.Debug|x86.ActiveCfg = Debug|Any CPU
		{ACF7AFBF-4F0C-4A0A-9BEE-BF93B1A2F3E2}.Debug|x86.Build.0 = Debug|Any CPU
		{ACF7AFBF-4F0C-4A0A-9BEE-BF93B1A2F3E2}.Debug|x86.Deploy.0 = Debug|Any CPU
		{ACF7AFBF-4F0C-4A0A-9BEE-BF93B1A2F3E2}.Release|Any CPU.ActiveCfg = Release|Any CPU
		{ACF7AFBF-4F0C-4A0A-9BEE-BF93B1A2F3E2}.Release|Any CPU.Build.0 = Release|Any CPU
		{ACF7AFBF-4F0C-4A0A-9BEE-BF93B1A2F3E2}.Release|Any CPU.Deploy.0 = Release|Any CPU
		{ACF7AFBF-4F0C-4A0A-9BEE-BF93B1A2F3E2}.Release|ARM.ActiveCfg = Release|Any CPU
		{ACF7AFBF-4F0C-4A0A-9BEE-BF93B1A2F3E2}.Release|ARM.Build.0 = Release|Any CPU
		{ACF7AFBF-4F0C-4A0A-9BEE-BF93B1A2F3E2}.Release|ARM.Deploy.0 = Release|Any CPU
		{ACF7AFBF-4F0C-4A0A-9BEE-BF93B1A2F3E2}.Release|iPhone.ActiveCfg = Release|Any CPU
		{ACF7AFBF-4F0C-4A0A-9BEE-BF93B1A2F3E2}.Release|iPhone.Build.0 = Release|Any CPU
		{ACF7AFBF-4F0C-4A0A-9BEE-BF93B1A2F3E2}.Release|iPhone.Deploy.0 = Release|Any CPU
		{ACF7AFBF-4F0C-4A0A-9BEE-BF93B1A2F3E2}.Release|iPhoneSimulator.ActiveCfg = Release|Any CPU
		{ACF7AFBF-4F0C-4A0A-9BEE-BF93B1A2F3E2}.Release|iPhoneSimulator.Build.0 = Release|Any CPU
		{ACF7AFBF-4F0C-4A0A-9BEE-BF93B1A2F3E2}.Release|iPhoneSimulator.Deploy.0 = Release|Any CPU
		{ACF7AFBF-4F0C-4A0A-9BEE-BF93B1A2F3E2}.Release|x64.ActiveCfg = Release|Any CPU
		{ACF7AFBF-4F0C-4A0A-9BEE-BF93B1A2F3E2}.Release|x64.Build.0 = Release|Any CPU
		{ACF7AFBF-4F0C-4A0A-9BEE-BF93B1A2F3E2}.Release|x64.Deploy.0 = Release|Any CPU
		{ACF7AFBF-4F0C-4A0A-9BEE-BF93B1A2F3E2}.Release|x86.ActiveCfg = Release|Any CPU
		{ACF7AFBF-4F0C-4A0A-9BEE-BF93B1A2F3E2}.Release|x86.Build.0 = Release|Any CPU
		{ACF7AFBF-4F0C-4A0A-9BEE-BF93B1A2F3E2}.Release|x86.Deploy.0 = Release|Any CPU
	EndGlobalSection
	GlobalSection(SolutionProperties) = preSolution
		HideSolutionNode = FALSE
	EndGlobalSection
EndGlobal
